
Microsoft Visual Studio Solution File, Format Version 12.00
# Visual Studio 14
VisualStudioVersion = 14.0.25420.1
MinimumVisualStudioVersion = 10.0.40219.1
Project("{FAE04EC0-301F-11D3-BF4B-00C04F79EFBC}") = "Chafu", "Chafu\Chafu.csproj", "{16271987-F48B-479B-A168-9BD337F2792D}"
EndProject
Project("{FAE04EC0-301F-11D3-BF4B-00C04F79EFBC}") = "Sample", "Sample\Sample.csproj", "{ED6D877F-8549-4135-8AFE-3401700349B0}"
EndProject
Project("{2150E333-8FDC-42A3-9474-1A3956D46DE8}") = "build", "build", "{EC8D56AC-40A9-468A-9DF2-1E9E611C27E3}"
	ProjectSection(SolutionItems) = preProject
		build.cake = build.cake
		releasenotes.md = releasenotes.md
	EndProjectSection
EndProject
Global
	GlobalSection(SolutionConfigurationPlatforms) = preSolution
		Ad-Hoc|Any CPU = Ad-Hoc|Any CPU
		Ad-Hoc|iPhone = Ad-Hoc|iPhone
		Ad-Hoc|iPhoneSimulator = Ad-Hoc|iPhoneSimulator
		AppStore|Any CPU = AppStore|Any CPU
		AppStore|iPhone = AppStore|iPhone
		AppStore|iPhoneSimulator = AppStore|iPhoneSimulator
		Debug|Any CPU = Debug|Any CPU
		Debug|iPhone = Debug|iPhone
		Debug|iPhoneSimulator = Debug|iPhoneSimulator
		Release|Any CPU = Release|Any CPU
		Release|iPhone = Release|iPhone
		Release|iPhoneSimulator = Release|iPhoneSimulator
	EndGlobalSection
	GlobalSection(ProjectConfigurationPlatforms) = postSolution
		{16271987-F48B-479B-A168-9BD337F2792D}.Ad-Hoc|Any CPU.ActiveCfg = Release|Any CPU
		{16271987-F48B-479B-A168-9BD337F2792D}.Ad-Hoc|Any CPU.Build.0 = Release|Any CPU
		{16271987-F48B-479B-A168-9BD337F2792D}.Ad-Hoc|iPhone.ActiveCfg = Release|Any CPU
		{16271987-F48B-479B-A168-9BD337F2792D}.Ad-Hoc|iPhone.Build.0 = Release|Any CPU
		{16271987-F48B-479B-A168-9BD337F2792D}.Ad-Hoc|iPhoneSimulator.ActiveCfg = Release|Any CPU
		{16271987-F48B-479B-A168-9BD337F2792D}.Ad-Hoc|iPhoneSimulator.Build.0 = Release|Any CPU
		{16271987-F48B-479B-A168-9BD337F2792D}.AppStore|Any CPU.ActiveCfg = Release|Any CPU
		{16271987-F48B-479B-A168-9BD337F2792D}.AppStore|Any CPU.Build.0 = Release|Any CPU
		{16271987-F48B-479B-A168-9BD337F2792D}.AppStore|iPhone.ActiveCfg = Release|Any CPU
		{16271987-F48B-479B-A168-9BD337F2792D}.AppStore|iPhone.Build.0 = Release|Any CPU
		{16271987-F48B-479B-A168-9BD337F2792D}.AppStore|iPhoneSimulator.ActiveCfg = Release|Any CPU
		{16271987-F48B-479B-A168-9BD337F2792D}.AppStore|iPhoneSimulator.Build.0 = Release|Any CPU
		{16271987-F48B-479B-A168-9BD337F2792D}.Debug|Any CPU.ActiveCfg = Debug|Any CPU
		{16271987-F48B-479B-A168-9BD337F2792D}.Debug|Any CPU.Build.0 = Debug|Any CPU
		{16271987-F48B-479B-A168-9BD337F2792D}.Debug|iPhone.ActiveCfg = Debug|Any CPU
		{16271987-F48B-479B-A168-9BD337F2792D}.Debug|iPhone.Build.0 = Debug|Any CPU
		{16271987-F48B-479B-A168-9BD337F2792D}.Debug|iPhoneSimulator.ActiveCfg = Debug|Any CPU
		{16271987-F48B-479B-A168-9BD337F2792D}.Debug|iPhoneSimulator.Build.0 = Debug|Any CPU
		{16271987-F48B-479B-A168-9BD337F2792D}.Release|Any CPU.ActiveCfg = Release|Any CPU
		{16271987-F48B-479B-A168-9BD337F2792D}.Release|Any CPU.Build.0 = Release|Any CPU
		{16271987-F48B-479B-A168-9BD337F2792D}.Release|iPhone.ActiveCfg = Release|Any CPU
		{16271987-F48B-479B-A168-9BD337F2792D}.Release|iPhone.Build.0 = Release|Any CPU
		{16271987-F48B-479B-A168-9BD337F2792D}.Release|iPhoneSimulator.ActiveCfg = Release|Any CPU
		{16271987-F48B-479B-A168-9BD337F2792D}.Release|iPhoneSimulator.Build.0 = Release|Any CPU
		{ED6D877F-8549-4135-8AFE-3401700349B0}.Ad-Hoc|Any CPU.ActiveCfg = Ad-Hoc|iPhone
		{ED6D877F-8549-4135-8AFE-3401700349B0}.Ad-Hoc|iPhone.ActiveCfg = Ad-Hoc|iPhone
		{ED6D877F-8549-4135-8AFE-3401700349B0}.Ad-Hoc|iPhone.Build.0 = Ad-Hoc|iPhone
		{ED6D877F-8549-4135-8AFE-3401700349B0}.Ad-Hoc|iPhoneSimulator.ActiveCfg = Ad-Hoc|iPhoneSimulator
		{ED6D877F-8549-4135-8AFE-3401700349B0}.Ad-Hoc|iPhoneSimulator.Build.0 = Ad-Hoc|iPhoneSimulator
		{ED6D877F-8549-4135-8AFE-3401700349B0}.AppStore|Any CPU.ActiveCfg = AppStore|iPhone
		{ED6D877F-8549-4135-8AFE-3401700349B0}.AppStore|iPhone.ActiveCfg = AppStore|iPhone
		{ED6D877F-8549-4135-8AFE-3401700349B0}.AppStore|iPhone.Build.0 = AppStore|iPhone
		{ED6D877F-8549-4135-8AFE-3401700349B0}.AppStore|iPhoneSimulator.ActiveCfg = AppStore|iPhoneSimulator
		{ED6D877F-8549-4135-8AFE-3401700349B0}.AppStore|iPhoneSimulator.Build.0 = AppStore|iPhoneSimulator
		{ED6D877F-8549-4135-8AFE-3401700349B0}.Debug|Any CPU.ActiveCfg = Debug|iPhone
		{ED6D877F-8549-4135-8AFE-3401700349B0}.Debug|iPhone.ActiveCfg = Debug|iPhone
		{ED6D877F-8549-4135-8AFE-3401700349B0}.Debug|iPhone.Build.0 = Debug|iPhone
		{ED6D877F-8549-4135-8AFE-3401700349B0}.Debug|iPhoneSimulator.ActiveCfg = Debug|iPhoneSimulator
		{ED6D877F-8549-4135-8AFE-3401700349B0}.Debug|iPhoneSimulator.Build.0 = Debug|iPhoneSimulator
		{ED6D877F-8549-4135-8AFE-3401700349B0}.Release|Any CPU.ActiveCfg = Release|iPhone
		{ED6D877F-8549-4135-8AFE-3401700349B0}.Release|iPhone.ActiveCfg = Release|iPhone
		{ED6D877F-8549-4135-8AFE-3401700349B0}.Release|iPhone.Build.0 = Release|iPhone
		{ED6D877F-8549-4135-8AFE-3401700349B0}.Release|iPhoneSimulator.ActiveCfg = Release|iPhoneSimulator
		{ED6D877F-8549-4135-8AFE-3401700349B0}.Release|iPhoneSimulator.Build.0 = Release|iPhoneSimulator
	EndGlobalSection
	GlobalSection(SolutionProperties) = preSolution
		HideSolutionNode = FALSE
	EndGlobalSection
EndGlobal
